// !$*UTF8*$!
{
	archiveVersion = 1;
	classes = {
	};
	objectVersion = 46;
	objects = {

/* Begin PBXBuildFile section */
		4ADAE6391CED8BAA0092998C /* main.m in Sources */ = {isa = PBXBuildFile; fileRef = 4ADAE6381CED8BAA0092998C /* main.m */; };
		4ADAE63C1CED8BAA0092998C /* AppDelegate.m in Sources */ = {isa = PBXBuildFile; fileRef = 4ADAE63B1CED8BAA0092998C /* AppDelegate.m */; };
		4ADAE63F1CED8BAA0092998C /* ViewController.m in Sources */ = {isa = PBXBuildFile; fileRef = 4ADAE63E1CED8BAA0092998C /* ViewController.m */; };
		4ADAE6421CED8BAA0092998C /* Main.storyboard in Resources */ = {isa = PBXBuildFile; fileRef = 4ADAE6401CED8BAA0092998C /* Main.storyboard */; };
		4ADAE6451CED8BAA0092998C /* TestMutable.xcdatamodeld in Sources */ = {isa = PBXBuildFile; fileRef = 4ADAE6431CED8BAA0092998C /* TestMutable.xcdatamodeld */; };
		4ADAE6471CED8BAA0092998C /* Assets.xcassets in Resources */ = {isa = PBXBuildFile; fileRef = 4ADAE6461CED8BAA0092998C /* Assets.xcassets */; };
		4ADAE64A1CED8BAA0092998C /* LaunchScreen.storyboard in Resources */ = {isa = PBXBuildFile; fileRef = 4ADAE6481CED8BAA0092998C /* LaunchScreen.storyboard */; };
		4ADAE6551CED8BAA0092998C /* TestMutableTests.m in Sources */ = {isa = PBXBuildFile; fileRef = 4ADAE6541CED8BAA0092998C /* TestMutableTests.m */; };
		4ADAE6601CED8BAA0092998C /* TestMutableUITests.m in Sources */ = {isa = PBXBuildFile; fileRef = 4ADAE65F1CED8BAA0092998C /* TestMutableUITests.m */; };
/* End PBXBuildFile section */

/* Begin PBXContainerItemProxy section */
		4ADAE6511CED8BAA0092998C /* PBXContainerItemProxy */ = {
			isa = PBXContainerItemProxy;
			containerPortal = 4ADAE62C1CED8BAA0092998C /* Project object */;
			proxyType = 1;
			remoteGlobalIDString = 4ADAE6331CED8BAA0092998C;
			remoteInfo = TestMutable;
		};
		4ADAE65C1CED8BAA0092998C /* PBXContainerItemProxy */ = {
			isa = PBXContainerItemProxy;
			containerPortal = 4ADAE62C1CED8BAA0092998C /* Project object */;
			proxyType = 1;
			remoteGlobalIDString = 4ADAE6331CED8BAA0092998C;
			remoteInfo = TestMutable;
		};
/* End PBXContainerItemProxy section */

/* Begin PBXFileReference section */
		4ADAE6341CED8BAA0092998C /* TestMutable.app */ = {isa = PBXFileReference; explicitFileType = wrapper.application; includeInIndex = 0; path = TestMutable.app; sourceTree = BUILT_PRODUCTS_DIR; };
		4ADAE6381CED8BAA0092998C /* main.m */ = {isa = PBXFileReference; lastKnownFileType = sourcecode.c.objc; path = main.m; sourceTree = "<group>"; };
		4ADAE63A1CED8BAA0092998C /* AppDelegate.h */ = {isa = PBXFileReference; lastKnownFileType = sourcecode.c.h; path = AppDelegate.h; sourceTree = "<group>"; };
		4ADAE63B1CED8BAA0092998C /* AppDelegate.m */ = {isa = PBXFileReference; lastKnownFileType = sourcecode.c.objc; path = AppDelegate.m; sourceTree = "<group>"; };
		4ADAE63D1CED8BAA0092998C /* ViewController.h */ = {isa = PBXFileReference; lastKnownFileType = sourcecode.c.h; path = ViewController.h; sourceTree = "<group>"; };
		4ADAE63E1CED8BAA0092998C /* ViewController.m */ = {isa = PBXFileReference; lastKnownFileType = sourcecode.c.objc; path = ViewController.m; sourceTree = "<group>"; };
		4ADAE6411CED8BAA0092998C /* Base */ = {isa = PBXFileReference; lastKnownFileType = file.storyboard; name = Base; path = Base.lproj/Main.storyboard; sourceTree = "<group>"; };
		4ADAE6441CED8BAA0092998C /* TestMutable.xcdatamodel */ = {isa = PBXFileReference; lastKnownFileType = wrapper.xcdatamodel; path = TestMutable.xcdatamodel; sourceTree = "<group>"; };
		4ADAE6461CED8BAA0092998C /* Assets.xcassets */ = {isa = PBXFileReference; lastKnownFileType = folder.assetcatalog; path = Assets.xcassets; sourceTree = "<group>"; };
		4ADAE6491CED8BAA0092998C /* Base */ = {isa = PBXFileReference; lastKnownFileType = file.storyboard; name = Base; path = Base.lproj/LaunchScreen.storyboard; sourceTree = "<group>"; };
		4ADAE64B1CED8BAA0092998C /* Info.plist */ = {isa = PBXFileReference; lastKnownFileType = text.plist.xml; path = Info.plist; sourceTree = "<group>"; };
		4ADAE6501CED8BAA0092998C /* TestMutableTests.xctest */ = {isa = PBXFileReference; explicitFileType = wrapper.cfbundle; includeInIndex = 0; path = TestMutableTests.xctest; sourceTree = BUILT_PRODUCTS_DIR; };
		4ADAE6541CED8BAA0092998C /* TestMutableTests.m */ = {isa = PBXFileReference; lastKnownFileType = sourcecode.c.objc; path = TestMutableTests.m; sourceTree = "<group>"; };
		4ADAE6561CED8BAA0092998C /* Info.plist */ = {isa = PBXFileReference; lastKnownFileType = text.plist.xml; path = Info.plist; sourceTree = "<group>"; };
		4ADAE65B1CED8BAA0092998C /* TestMutableUITests.xctest */ = {isa = PBXFileReference; explicitFileType = wrapper.cfbundle; includeInIndex = 0; path = TestMutableUITests.xctest; sourceTree = BUILT_PRODUCTS_DIR; };
		4ADAE65F1CED8BAA0092998C /* TestMutableUITests.m */ = {isa = PBXFileReference; lastKnownFileType = sourcecode.c.objc; path = TestMutableUITests.m; sourceTree = "<group>"; };
		4ADAE6611CED8BAA0092998C /* Info.plist */ = {isa = PBXFileReference; lastKnownFileType = text.plist.xml; path = Info.plist; sourceTree = "<group>"; };
/* End PBXFileReference section */

/* Begin PBXFrameworksBuildPhase section */
		4ADAE6311CED8BAA0092998C /* Frameworks */ = {
			isa = PBXFrameworksBuildPhase;
			buildActionMask = 2147483647;
			files = (
			);
			runOnlyForDeploymentPostprocessing = 0;
		};
		4ADAE64D1CED8BAA0092998C /* Frameworks */ = {
			isa = PBXFrameworksBuildPhase;
			buildActionMask = 2147483647;
			files = (
			);
			runOnlyForDeploymentPostprocessing = 0;
		};
		4ADAE6581CED8BAA0092998C /* Frameworks */ = {
			isa = PBXFrameworksBuildPhase;
			buildActionMask = 2147483647;
			files = (
			);
			runOnlyForDeploymentPostprocessing = 0;
		};
/* End PBXFrameworksBuildPhase section */

/* Begin PBXGroup section */
		4ADAE62B1CED8BAA0092998C = {
			isa = PBXGroup;
			children = (
				4ADAE6361CED8BAA0092998C /* TestMutable */,
				4ADAE6531CED8BAA0092998C /* TestMutableTests */,
				4ADAE65E1CED8BAA0092998C /* TestMutableUITests */,
				4ADAE6351CED8BAA0092998C /* Products */,
			);
			sourceTree = "<group>";
		};
		4ADAE6351CED8BAA0092998C /* Products */ = {
			isa = PBXGroup;
			children = (
				4ADAE6341CED8BAA0092998C /* TestMutable.app */,
				4ADAE6501CED8BAA0092998C /* TestMutableTests.xctest */,
				4ADAE65B1CED8BAA0092998C /* TestMutableUITests.xctest */,
			);
			name = Products;
			sourceTree = "<group>";
		};
		4ADAE6361CED8BAA0092998C /* TestMutable */ = {
			isa = PBXGroup;
			children = (
				4ADAE63A1CED8BAA0092998C /* AppDelegate.h */,
				4ADAE63B1CED8BAA0092998C /* AppDelegate.m */,
				4ADAE63D1CED8BAA0092998C /* ViewController.h */,
				4ADAE63E1CED8BAA0092998C /* ViewController.m */,
				4ADAE6401CED8BAA0092998C /* Main.storyboard */,
				4ADAE6461CED8BAA0092998C /* Assets.xcassets */,
				4ADAE6481CED8BAA0092998C /* LaunchScreen.storyboard */,
				4ADAE64B1CED8BAA0092998C /* Info.plist */,
				4ADAE6431CED8BAA0092998C /* TestMutable.xcdatamodeld */,
				4ADAE6371CED8BAA0092998C /* Supporting Files */,
			);
			path = TestMutable;
			sourceTree = "<group>";
		};
		4ADAE6371CED8BAA0092998C /* Supporting Files */ = {
			isa = PBXGroup;
			children = (
				4ADAE6381CED8BAA0092998C /* main.m */,
			);
			name = "Supporting Files";
			sourceTree = "<group>";
		};
		4ADAE6531CED8BAA0092998C /* TestMutableTests */ = {
			isa = PBXGroup;
			children = (
				4ADAE6541CED8BAA0092998C /* TestMutableTests.m */,
				4ADAE6561CED8BAA0092998C /* Info.plist */,
			);
			path = TestMutableTests;
			sourceTree = "<group>";
		};
		4ADAE65E1CED8BAA0092998C /* TestMutableUITests */ = {
			isa = PBXGroup;
			children = (
				4ADAE65F1CED8BAA0092998C /* TestMutableUITests.m */,
				4ADAE6611CED8BAA0092998C /* Info.plist */,
			);
			path = TestMutableUITests;
			sourceTree = "<group>";
		};
/* End PBXGroup section */

/* Begin PBXNativeTarget section */
		4ADAE6331CED8BAA0092998C /* TestMutable */ = {
			isa = PBXNativeTarget;
			buildConfigurationList = 4ADAE6641CED8BAA0092998C /* Build configuration list for PBXNativeTarget "TestMutable" */;
			buildPhases = (
				4ADAE6301CED8BAA0092998C /* Sources */,
				4ADAE6311CED8BAA0092998C /* Frameworks */,
				4ADAE6321CED8BAA0092998C /* Resources */,
			);
			buildRules = (
			);
			dependencies = (
			);
			name = TestMutable;
			productName = TestMutable;
			productReference = 4ADAE6341CED8BAA0092998C /* TestMutable.app */;
			productType = "com.apple.product-type.application";
		};
		4ADAE64F1CED8BAA0092998C /* TestMutableTests */ = {
			isa = PBXNativeTarget;
			buildConfigurationList = 4ADAE6671CED8BAA0092998C /* Build configuration list for PBXNativeTarget "TestMutableTests" */;
			buildPhases = (
				4ADAE64C1CED8BAA0092998C /* Sources */,
				4ADAE64D1CED8BAA0092998C /* Frameworks */,
				4ADAE64E1CED8BAA0092998C /* Resources */,
			);
			buildRules = (
			);
			dependencies = (
				4ADAE6521CED8BAA0092998C /* PBXTargetDependency */,
			);
			name = TestMutableTests;
			productName = TestMutableTests;
			productReference = 4ADAE6501CED8BAA0092998C /* TestMutableTests.xctest */;
			productType = "com.apple.product-type.bundle.unit-test";
		};
		4ADAE65A1CED8BAA0092998C /* TestMutableUITests */ = {
			isa = PBXNativeTarget;
			buildConfigurationList = 4ADAE66A1CED8BAA0092998C /* Build configuration list for PBXNativeTarget "TestMutableUITests" */;
			buildPhases = (
				4ADAE6571CED8BAA0092998C /* Sources */,
				4ADAE6581CED8BAA0092998C /* Frameworks */,
				4ADAE6591CED8BAA0092998C /* Resources */,
			);
			buildRules = (
			);
			dependencies = (
				4ADAE65D1CED8BAA0092998C /* PBXTargetDependency */,
			);
			name = TestMutableUITests;
			productName = TestMutableUITests;
			productReference = 4ADAE65B1CED8BAA0092998C /* TestMutableUITests.xctest */;
			productType = "com.apple.product-type.bundle.ui-testing";
		};
/* End PBXNativeTarget section */

/* Begin PBXProject section */
		4ADAE62C1CED8BAA0092998C /* Project object */ = {
			isa = PBXProject;
			attributes = {
				LastUpgradeCheck = 0730;
				ORGANIZATIONNAME = yushengjie;
				TargetAttributes = {
					4ADAE6331CED8BAA0092998C = {
						CreatedOnToolsVersion = 7.3;
					};
					4ADAE64F1CED8BAA0092998C = {
						CreatedOnToolsVersion = 7.3;
						TestTargetID = 4ADAE6331CED8BAA0092998C;
					};
					4ADAE65A1CED8BAA0092998C = {
						CreatedOnToolsVersion = 7.3;
						TestTargetID = 4ADAE6331CED8BAA0092998C;
					};
				};
			};
			buildConfigurationList = 4ADAE62F1CED8BAA0092998C /* Build configuration list for PBXProject "TestMutable" */;
			compatibilityVersion = "Xcode 3.2";
			developmentRegion = English;
			hasScannedForEncodings = 0;
			knownRegions = (
				en,
				Base,
			);
			mainGroup = 4ADAE62B1CED8BAA0092998C;
			productRefGroup = 4ADAE6351CED8BAA0092998C /* Products */;
			projectDirPath = "";
			projectRoot = "";
			targets = (
				4ADAE6331CED8BAA0092998C /* TestMutable */,
				4ADAE64F1CED8BAA0092998C /* TestMutableTests */,
				4ADAE65A1CED8BAA0092998C /* TestMutableUITests */,
			);
		};
/* End PBXProject section */

/* Begin PBXResourcesBuildPhase section */
		4ADAE6321CED8BAA0092998C /* Resources */ = {
			isa = PBXResourcesBuildPhase;
			buildActionMask = 2147483647;
			files = (
				4ADAE64A1CED8BAA0092998C /* LaunchScreen.storyboard in Resources */,
				4ADAE6471CED8BAA0092998C /* Assets.xcassets in Resources */,
				4ADAE6421CED8BAA0092998C /* Main.storyboard in Resources */,
			);
			runOnlyForDeploymentPostprocessing = 0;
		};
		4ADAE64E1CED8BAA0092998C /* Resources */ = {
			isa = PBXResourcesBuildPhase;
			buildActionMask = 2147483647;
			files = (
			);
			runOnlyForDeploymentPostprocessing = 0;
		};
		4ADAE6591CED8BAA0092998C /* Resources */ = {
			isa = PBXResourcesBuildPhase;
			buildActionMask = 2147483647;
			files = (
			);
			runOnlyForDeploymentPostprocessing = 0;
		};
/* End PBXResourcesBuildPhase section */

/* Begin PBXSourcesBuildPhase section */
		4ADAE6301CED8BAA0092998C /* Sources */ = {
			isa = PBXSourcesBuildPhase;
			buildActionMask = 2147483647;
			files = (
				4ADAE63F1CED8BAA0092998C /* ViewController.m in Sources */,
				4ADAE63C1CED8BAA0092998C /* AppDelegate.m in Sources */,
				4ADAE6451CED8BAA0092998C /* TestMutable.xcdatamodeld in Sources */,
				4ADAE6391CED8BAA0092998C /* main.m in Sources */,
			);
			runOnlyForDeploymentPostprocessing = 0;
		};
		4ADAE64C1CED8BAA0092998C /* Sources */ = {
			isa = PBXSourcesBuildPhase;
			buildActionMask = 2147483647;
			files = (
				4ADAE6551CED8BAA0092998C /* TestMutableTests.m in Sources */,
			);
			runOnlyForDeploymentPostprocessing = 0;
		};
		4ADAE6571CED8BAA0092998C /* Sources */ = {
			isa = PBXSourcesBuildPhase;
			buildActionMask = 2147483647;
			files = (
				4ADAE6601CED8BAA0092998C /* TestMutableUITests.m in Sources */,
			);
			runOnlyForDeploymentPostprocessing = 0;
		};
/* End PBXSourcesBuildPhase section */

/* Begin PBXTargetDependency section */
		4ADAE6521CED8BAA0092998C /* PBXTargetDependency */ = {
			isa = PBXTargetDependency;
			target = 4ADAE6331CED8BAA0092998C /* TestMutable */;
			targetProxy = 4ADAE6511CED8BAA0092998C /* PBXContainerItemProxy */;
		};
		4ADAE65D1CED8BAA0092998C /* PBXTargetDependency */ = {
			isa = PBXTargetDependency;
			target = 4ADAE6331CED8BAA0092998C /* TestMutable */;
			targetProxy = 4ADAE65C1CED8BAA0092998C /* PBXContainerItemProxy */;
		};
/* End PBXTargetDependency section */

/* Begin PBXVariantGroup section */
		4ADAE6401CED8BAA0092998C /* Main.storyboard */ = {
			isa = PBXVariantGroup;
			children = (
				4ADAE6411CED8BAA0092998C /* Base */,
			);
			name = Main.storyboard;
			sourceTree = "<group>";
		};
		4ADAE6481CED8BAA0092998C /* LaunchScreen.storyboard */ = {
			isa = PBXVariantGroup;
			children = (
				4ADAE6491CED8BAA0092998C /* Base */,
			);
			name = LaunchScreen.storyboard;
			sourceTree = "<group>";
		};
/* End PBXVariantGroup section */

/* Begin XCBuildConfiguration section */
		4ADAE6621CED8BAA0092998C /* Debug */ = {
			isa = XCBuildConfiguration;
			buildSettings = {
				ALWAYS_SEARCH_USER_PATHS = NO;
				CLANG_ANALYZER_NONNULL = YES;
				CLANG_CXX_LANGUAGE_STANDARD = "gnu++0x";
				CLANG_CXX_LIBRARY = "libc++";
				CLANG_ENABLE_MODULES = YES;
				CLANG_ENABLE_OBJC_ARC = YES;
				CLANG_WARN_BOOL_CONVERSION = YES;
				CLANG_WARN_CONSTANT_CONVERSION = YES;
				CLANG_WARN_DIRECT_OBJC_ISA_USAGE = YES_ERROR;
				CLANG_WARN_EMPTY_BODY = YES;
				CLANG_WARN_ENUM_CONVERSION = YES;
				CLANG_WARN_INT_CONVERSION = YES;
				CLANG_WARN_OBJC_ROOT_CLASS = YES_ERROR;
				CLANG_WARN_UNREACHABLE_CODE = YES;
				CLANG_WARN__DUPLICATE_METHOD_MATCH = YES;
				"CODE_SIGN_IDENTITY[sdk=iphoneos*]" = "iPhone Developer";
				COPY_PHASE_STRIP = NO;
				DEBUG_INFORMATION_FORMAT = dwarf;
				ENABLE_STRICT_OBJC_MSGSEND = YES;
				ENABLE_TESTABILITY = YES;
				GCC_C_LANGUAGE_STANDARD = gnu99;
				GCC_DYNAMIC_NO_PIC = NO;
				GCC_NO_COMMON_BLOCKS = YES;
				GCC_OPTIMIZATION_LEVEL = 0;
				GCC_PREPROCESSOR_DEFINITIONS = (
					"DEBUG=1",
					"$(inherited)",
				);
				GCC_WARN_64_TO_32_BIT_CONVERSION = YES;
				GCC_WARN_ABOUT_RETURN_TYPE = YES_ERROR;
				GCC_WARN_UNDECLARED_SELECTOR = YES;
				GCC_WARN_UNINITIALIZED_AUTOS = YES_AGGRESSIVE;
				GCC_WARN_UNUSED_FUNCTION = YES;
				GCC_WARN_UNUSED_VARIABLE = YES;
				IPHONEOS_DEPLOYMENT_TARGET = 9.3;
				MTL_ENABLE_DEBUG_INFO = YES;
				ONLY_ACTIVE_ARCH = YES;
				SDKROOT = iphoneos;
			};
			name = Debug;
		};
		4ADAE6631CED8BAA0092998C /* Release */ = {
			isa = XCBuildConfiguration;
			buildSettings = {
				ALWAYS_SEARCH_USER_PATHS = NO;
				CLANG_ANALYZER_NONNULL = YES;
				CLANG_CXX_LANGUAGE_STANDARD = "gnu++0x";
				CLANG_CXX_LIBRARY = "libc++";
				CLANG_ENABLE_MODULES = YES;
				CLANG_ENABLE_OBJC_ARC = YES;
				CLANG_WARN_BOOL_CONVERSION = YES;
				CLANG_WARN_CONSTANT_CONVERSION = YES;
				CLANG_WARN_DIRECT_OBJC_ISA_USAGE = YES_ERROR;
				CLANG_WARN_EMPTY_BODY = YES;
				CLANG_WARN_ENUM_CONVERSION = YES;
				CLANG_WARN_INT_CONVERSION = YES;
				CLANG_WARN_OBJC_ROOT_CLASS = YES_ERROR;
				CLANG_WARN_UNREACHABLE_CODE = YES;
				CLANG_WARN__DUPLICATE_METHOD_MATCH = YES;
				"CODE_SIGN_IDENTITY[sdk=iphoneos*]" = "iPhone Developer";
				COPY_PHASE_STRIP = NO;
				DEBUG_INFORMATION_FORMAT = "dwarf-with-dsym";
				ENABLE_NS_ASSERTIONS = NO;
				ENABLE_STRICT_OBJC_MSGSEND = YES;
				GCC_C_LANGUAGE_STANDARD = gnu99;
				GCC_NO_COMMON_BLOCKS = YES;
				GCC_WARN_64_TO_32_BIT_CONVERSION = YES;
				GCC_WARN_ABOUT_RETURN_TYPE = YES_ERROR;
				GCC_WARN_UNDECLARED_SELECTOR = YES;
				GCC_WARN_UNINITIALIZED_AUTOS = YES_AGGRESSIVE;
				GCC_WARN_UNUSED_FUNCTION = YES;
				GCC_WARN_UNUSED_VARIABLE = YES;
				IPHONEOS_DEPLOYMENT_TARGET = 9.3;
				MTL_ENABLE_DEBUG_INFO = NO;
				SDKROOT = iphoneos;
				VALIDATE_PRODUCT = YES;
			};
			name = Release;
		};
		4ADAE6651CED8BAA0092998C /* Debug */ = {
			isa = XCBuildConfiguration;
			buildSettings = {
				ASSETCATALOG_COMPILER_APPICON_NAME = AppIcon;
				INFOPLIST_FILE = TestMutable/Info.plist;
				LD_RUNPATH_SEARCH_PATHS = "$(inherited) @executable_path/Frameworks";
				PRODUCT_BUNDLE_IDENTIFIER = com.yushengjie.TestMutable;
				PRODUCT_NAME = "$(TARGET_NAME)";
			};
			name = Debug;
		};
		4ADAE6661CED8BAA0092998C /* Release */ = {
			isa = XCBuildConfiguration;
			buildSettings = {
				ASSETCATALOG_COMPILER_APPICON_NAME = AppIcon;
				INFOPLIST_FILE = TestMutable/Info.plist;
				LD_RUNPATH_SEARCH_PATHS = "$(inherited) @executable_path/Frameworks";
				PRODUCT_BUNDLE_IDENTIFIER = com.yushengjie.TestMutable;
				PRODUCT_NAME = "$(TARGET_NAME)";
			};
			name = Release;
		};
		4ADAE6681CED8BAA0092998C /* Debug */ = {
			isa = XCBuildConfiguration;
			buildSettings = {
				BUNDLE_LOADER = "$(TEST_HOST)";
				INFOPLIST_FILE = TestMutableTests/Info.plist;
				LD_RUNPATH_SEARCH_PATHS = "$(inherited) @executable_path/Frameworks @loader_path/Frameworks";
				PRODUCT_BUNDLE_IDENTIFIER = com.yushengjie.TestMutableTests;
				PRODUCT_NAME = "$(TARGET_NAME)";
				TEST_HOST = "$(BUILT_PRODUCTS_DIR)/TestMutable.app/TestMutable";
			};
			name = Debug;
		};
		4ADAE6691CED8BAA0092998C /* Release */ = {
			isa = XCBuildConfiguration;
			buildSettings = {
				BUNDLE_LOADER = "$(TEST_HOST)";
				INFOPLIST_FILE = TestMutableTests/Info.plist;
				LD_RUNPATH_SEARCH_PATHS = "$(inherited) @executable_path/Frameworks @loader_path/Frameworks";
				PRODUCT_BUNDLE_IDENTIFIER = com.yushengjie.TestMutableTests;
				PRODUCT_NAME = "$(TARGET_NAME)";
				TEST_HOST = "$(BUILT_PRODUCTS_DIR)/TestMutable.app/TestMutable";
			};
			name = Release;
		};
		4ADAE66B1CED8BAA0092998C /* Debug */ = {
			isa = XCBuildConfiguration;
			buildSettings = {
				INFOPLIST_FILE = TestMutableUITests/Info.plist;
				LD_RUNPATH_SEARCH_PATHS = "$(inherited) @executable_path/Frameworks @loader_path/Frameworks";
				PRODUCT_BUNDLE_IDENTIFIER = com.yushengjie.TestMutableUITests;
				PRODUCT_NAME = "$(TARGET_NAME)";
				TEST_TARGET_NAME = TestMutable;
			};
			name = Debug;
		};
		4ADAE66C1CED8BAA0092998C /* Release */ = {
			isa = XCBuildConfiguration;
			buildSettings = {
				INFOPLIST_FILE = TestMutableUITests/Info.plist;
				LD_RUNPATH_SEARCH_PATHS = "$(inherited) @executable_path/Frameworks @loader_path/Frameworks";
				PRODUCT_BUNDLE_IDENTIFIER = com.yushengjie.TestMutableUITests;
				PRODUCT_NAME = "$(TARGET_NAME)";
				TEST_TARGET_NAME = TestMutable;
			};
			name = Release;
		};
/* End XCBuildConfiguration section */

/* Begin XCConfigurationList section */
		4ADAE62F1CED8BAA0092998C /* Build configuration list for PBXProject "TestMutable" */ = {
			isa = XCConfigurationList;
			buildConfigurations = (
				4ADAE6621CED8BAA0092998C /* Debug */,
				4ADAE6631CED8BAA0092998C /* Release */,
			);
			defaultConfigurationIsVisible = 0;
			defaultConfigurationName = Release;
		};
		4ADAE6641CED8BAA0092998C /* Build configuration list for PBXNativeTarget "TestMutable" */ = {
			isa = XCConfigurationList;
			buildConfigurations = (
				4ADAE6651CED8BAA0092998C /* Debug */,
				4ADAE6661CED8BAA0092998C /* Release */,
			);
			defaultConfigurationIsVisible = 0;
		};
		4ADAE6671CED8BAA0092998C /* Build configuration list for PBXNativeTarget "TestMutableTests" */ = {
			isa = XCConfigurationList;
			buildConfigurations = (
				4ADAE6681CED8BAA0092998C /* Debug */,
				4ADAE6691CED8BAA0092998C /* Release */,
			);
			defaultConfigurationIsVisible = 0;
		};
		4ADAE66A1CED8BAA0092998C /* Build configuration list for PBXNativeTarget "TestMutableUITests" */ = {
			isa = XCConfigurationList;
			buildConfigurations = (
				4ADAE66B1CED8BAA0092998C /* Debug */,
				4ADAE66C1CED8BAA0092998C /* Release */,
			);
			defaultConfigurationIsVisible = 0;
		};
/* End XCConfigurationList section */

/* Begin XCVersionGroup section */
		4ADAE6431CED8BAA0092998C /* TestMutable.xcdatamodeld */ = {
			isa = XCVersionGroup;
			children = (
				4ADAE6441CED8BAA0092998C /* TestMutable.xcdatamodel */,
			);
			currentVersion = 4ADAE6441CED8BAA0092998C /* TestMutable.xcdatamodel */;
			path = TestMutable.xcdatamodeld;
			sourceTree = "<group>";
			versionGroupType = wrapper.xcdatamodel;
		};
/* End XCVersionGroup section */
	};
	rootObject = 4ADAE62C1CED8BAA0092998C /* Project object */;
}
