// !$*UTF8*$!
{
	archiveVersion = 1;
	classes = {
	};
	objectVersion = 46;
	objects = {

/* Begin PBXBuildFile section */
		4AA960421BFB18D800AA0AD8 /* main.m in Sources */ = {isa = PBXBuildFile; fileRef = 4AA960411BFB18D800AA0AD8 /* main.m */; };
		4AA960451BFB18D800AA0AD8 /* AppDelegate.m in Sources */ = {isa = PBXBuildFile; fileRef = 4AA960441BFB18D800AA0AD8 /* AppDelegate.m */; };
		4AA960481BFB18D800AA0AD8 /* ViewController.m in Sources */ = {isa = PBXBuildFile; fileRef = 4AA960471BFB18D800AA0AD8 /* ViewController.m */; };
		4AA9604B1BFB18D800AA0AD8 /* Main.storyboard in Resources */ = {isa = PBXBuildFile; fileRef = 4AA960491BFB18D800AA0AD8 /* Main.storyboard */; };
		4AA9604E1BFB18D800AA0AD8 /* testPods.xcdatamodeld in Sources */ = {isa = PBXBuildFile; fileRef = 4AA9604C1BFB18D800AA0AD8 /* testPods.xcdatamodeld */; };
		4AA960501BFB18D800AA0AD8 /* Assets.xcassets in Resources */ = {isa = PBXBuildFile; fileRef = 4AA9604F1BFB18D800AA0AD8 /* Assets.xcassets */; };
		4AA960531BFB18D800AA0AD8 /* LaunchScreen.storyboard in Resources */ = {isa = PBXBuildFile; fileRef = 4AA960511BFB18D800AA0AD8 /* LaunchScreen.storyboard */; };
		4AA9605E1BFB18D800AA0AD8 /* testPodsTests.m in Sources */ = {isa = PBXBuildFile; fileRef = 4AA9605D1BFB18D800AA0AD8 /* testPodsTests.m */; };
		4AA960691BFB18D800AA0AD8 /* testPodsUITests.m in Sources */ = {isa = PBXBuildFile; fileRef = 4AA960681BFB18D800AA0AD8 /* testPodsUITests.m */; };
		D3A7F43C65166B99A7007B4A /* libPods.a in Frameworks */ = {isa = PBXBuildFile; fileRef = E52E5B67F2738CFFF6CDF180 /* libPods.a */; };
/* End PBXBuildFile section */

/* Begin PBXContainerItemProxy section */
		4AA9605A1BFB18D800AA0AD8 /* PBXContainerItemProxy */ = {
			isa = PBXContainerItemProxy;
			containerPortal = 4AA960351BFB18D800AA0AD8 /* Project object */;
			proxyType = 1;
			remoteGlobalIDString = 4AA9603C1BFB18D800AA0AD8;
			remoteInfo = testPods;
		};
		4AA960651BFB18D800AA0AD8 /* PBXContainerItemProxy */ = {
			isa = PBXContainerItemProxy;
			containerPortal = 4AA960351BFB18D800AA0AD8 /* Project object */;
			proxyType = 1;
			remoteGlobalIDString = 4AA9603C1BFB18D800AA0AD8;
			remoteInfo = testPods;
		};
/* End PBXContainerItemProxy section */

/* Begin PBXFileReference section */
		1C803A7CE2EE801B492274A4 /* Pods.release.xcconfig */ = {isa = PBXFileReference; includeInIndex = 1; lastKnownFileType = text.xcconfig; name = Pods.release.xcconfig; path = "Pods/Target Support Files/Pods/Pods.release.xcconfig"; sourceTree = "<group>"; };
		4AA9603D1BFB18D800AA0AD8 /* testPods.app */ = {isa = PBXFileReference; explicitFileType = wrapper.application; includeInIndex = 0; path = testPods.app; sourceTree = BUILT_PRODUCTS_DIR; };
		4AA960411BFB18D800AA0AD8 /* main.m */ = {isa = PBXFileReference; lastKnownFileType = sourcecode.c.objc; path = main.m; sourceTree = "<group>"; };
		4AA960431BFB18D800AA0AD8 /* AppDelegate.h */ = {isa = PBXFileReference; lastKnownFileType = sourcecode.c.h; path = AppDelegate.h; sourceTree = "<group>"; };
		4AA960441BFB18D800AA0AD8 /* AppDelegate.m */ = {isa = PBXFileReference; lastKnownFileType = sourcecode.c.objc; path = AppDelegate.m; sourceTree = "<group>"; };
		4AA960461BFB18D800AA0AD8 /* ViewController.h */ = {isa = PBXFileReference; lastKnownFileType = sourcecode.c.h; path = ViewController.h; sourceTree = "<group>"; };
		4AA960471BFB18D800AA0AD8 /* ViewController.m */ = {isa = PBXFileReference; lastKnownFileType = sourcecode.c.objc; path = ViewController.m; sourceTree = "<group>"; };
		4AA9604A1BFB18D800AA0AD8 /* Base */ = {isa = PBXFileReference; lastKnownFileType = file.storyboard; name = Base; path = Base.lproj/Main.storyboard; sourceTree = "<group>"; };
		4AA9604D1BFB18D800AA0AD8 /* testPods.xcdatamodel */ = {isa = PBXFileReference; lastKnownFileType = wrapper.xcdatamodel; path = testPods.xcdatamodel; sourceTree = "<group>"; };
		4AA9604F1BFB18D800AA0AD8 /* Assets.xcassets */ = {isa = PBXFileReference; lastKnownFileType = folder.assetcatalog; path = Assets.xcassets; sourceTree = "<group>"; };
		4AA960521BFB18D800AA0AD8 /* Base */ = {isa = PBXFileReference; lastKnownFileType = file.storyboard; name = Base; path = Base.lproj/LaunchScreen.storyboard; sourceTree = "<group>"; };
		4AA960541BFB18D800AA0AD8 /* Info.plist */ = {isa = PBXFileReference; lastKnownFileType = text.plist.xml; path = Info.plist; sourceTree = "<group>"; };
		4AA960591BFB18D800AA0AD8 /* testPodsTests.xctest */ = {isa = PBXFileReference; explicitFileType = wrapper.cfbundle; includeInIndex = 0; path = testPodsTests.xctest; sourceTree = BUILT_PRODUCTS_DIR; };
		4AA9605D1BFB18D800AA0AD8 /* testPodsTests.m */ = {isa = PBXFileReference; lastKnownFileType = sourcecode.c.objc; path = testPodsTests.m; sourceTree = "<group>"; };
		4AA9605F1BFB18D800AA0AD8 /* Info.plist */ = {isa = PBXFileReference; lastKnownFileType = text.plist.xml; path = Info.plist; sourceTree = "<group>"; };
		4AA960641BFB18D800AA0AD8 /* testPodsUITests.xctest */ = {isa = PBXFileReference; explicitFileType = wrapper.cfbundle; includeInIndex = 0; path = testPodsUITests.xctest; sourceTree = BUILT_PRODUCTS_DIR; };
		4AA960681BFB18D800AA0AD8 /* testPodsUITests.m */ = {isa = PBXFileReference; lastKnownFileType = sourcecode.c.objc; path = testPodsUITests.m; sourceTree = "<group>"; };
		4AA9606A1BFB18D800AA0AD8 /* Info.plist */ = {isa = PBXFileReference; lastKnownFileType = text.plist.xml; path = Info.plist; sourceTree = "<group>"; };
		E52E5B67F2738CFFF6CDF180 /* libPods.a */ = {isa = PBXFileReference; explicitFileType = archive.ar; includeInIndex = 0; path = libPods.a; sourceTree = BUILT_PRODUCTS_DIR; };
		F8A4CD21D3AD2C33F654A20F /* Pods.debug.xcconfig */ = {isa = PBXFileReference; includeInIndex = 1; lastKnownFileType = text.xcconfig; name = Pods.debug.xcconfig; path = "Pods/Target Support Files/Pods/Pods.debug.xcconfig"; sourceTree = "<group>"; };
/* End PBXFileReference section */

/* Begin PBXFrameworksBuildPhase section */
		4AA9603A1BFB18D800AA0AD8 /* Frameworks */ = {
			isa = PBXFrameworksBuildPhase;
			buildActionMask = 2147483647;
			files = (
				D3A7F43C65166B99A7007B4A /* libPods.a in Frameworks */,
			);
			runOnlyForDeploymentPostprocessing = 0;
		};
		4AA960561BFB18D800AA0AD8 /* Frameworks */ = {
			isa = PBXFrameworksBuildPhase;
			buildActionMask = 2147483647;
			files = (
			);
			runOnlyForDeploymentPostprocessing = 0;
		};
		4AA960611BFB18D800AA0AD8 /* Frameworks */ = {
			isa = PBXFrameworksBuildPhase;
			buildActionMask = 2147483647;
			files = (
			);
			runOnlyForDeploymentPostprocessing = 0;
		};
/* End PBXFrameworksBuildPhase section */

/* Begin PBXGroup section */
		4AA960341BFB18D800AA0AD8 = {
			isa = PBXGroup;
			children = (
				4AA9603F1BFB18D800AA0AD8 /* testPods */,
				4AA9605C1BFB18D800AA0AD8 /* testPodsTests */,
				4AA960671BFB18D800AA0AD8 /* testPodsUITests */,
				4AA9603E1BFB18D800AA0AD8 /* Products */,
				D2927516FFD6F2492301AC3F /* Pods */,
				DCCE90AE5A0D9AAE27634EA9 /* Frameworks */,
			);
			sourceTree = "<group>";
		};
		4AA9603E1BFB18D800AA0AD8 /* Products */ = {
			isa = PBXGroup;
			children = (
				4AA9603D1BFB18D800AA0AD8 /* testPods.app */,
				4AA960591BFB18D800AA0AD8 /* testPodsTests.xctest */,
				4AA960641BFB18D800AA0AD8 /* testPodsUITests.xctest */,
			);
			name = Products;
			sourceTree = "<group>";
		};
		4AA9603F1BFB18D800AA0AD8 /* testPods */ = {
			isa = PBXGroup;
			children = (
				4AA960431BFB18D800AA0AD8 /* AppDelegate.h */,
				4AA960441BFB18D800AA0AD8 /* AppDelegate.m */,
				4AA960461BFB18D800AA0AD8 /* ViewController.h */,
				4AA960471BFB18D800AA0AD8 /* ViewController.m */,
				4AA960491BFB18D800AA0AD8 /* Main.storyboard */,
				4AA9604F1BFB18D800AA0AD8 /* Assets.xcassets */,
				4AA960511BFB18D800AA0AD8 /* LaunchScreen.storyboard */,
				4AA960541BFB18D800AA0AD8 /* Info.plist */,
				4AA9604C1BFB18D800AA0AD8 /* testPods.xcdatamodeld */,
				4AA960401BFB18D800AA0AD8 /* Supporting Files */,
			);
			path = testPods;
			sourceTree = "<group>";
		};
		4AA960401BFB18D800AA0AD8 /* Supporting Files */ = {
			isa = PBXGroup;
			children = (
				4AA960411BFB18D800AA0AD8 /* main.m */,
			);
			name = "Supporting Files";
			sourceTree = "<group>";
		};
		4AA9605C1BFB18D800AA0AD8 /* testPodsTests */ = {
			isa = PBXGroup;
			children = (
				4AA9605D1BFB18D800AA0AD8 /* testPodsTests.m */,
				4AA9605F1BFB18D800AA0AD8 /* Info.plist */,
			);
			path = testPodsTests;
			sourceTree = "<group>";
		};
		4AA960671BFB18D800AA0AD8 /* testPodsUITests */ = {
			isa = PBXGroup;
			children = (
				4AA960681BFB18D800AA0AD8 /* testPodsUITests.m */,
				4AA9606A1BFB18D800AA0AD8 /* Info.plist */,
			);
			path = testPodsUITests;
			sourceTree = "<group>";
		};
		D2927516FFD6F2492301AC3F /* Pods */ = {
			isa = PBXGroup;
			children = (
				F8A4CD21D3AD2C33F654A20F /* Pods.debug.xcconfig */,
				1C803A7CE2EE801B492274A4 /* Pods.release.xcconfig */,
			);
			name = Pods;
			sourceTree = "<group>";
		};
		DCCE90AE5A0D9AAE27634EA9 /* Frameworks */ = {
			isa = PBXGroup;
			children = (
				E52E5B67F2738CFFF6CDF180 /* libPods.a */,
			);
			name = Frameworks;
			sourceTree = "<group>";
		};
/* End PBXGroup section */

/* Begin PBXNativeTarget section */
		4AA9603C1BFB18D800AA0AD8 /* testPods */ = {
			isa = PBXNativeTarget;
			buildConfigurationList = 4AA9606D1BFB18D800AA0AD8 /* Build configuration list for PBXNativeTarget "testPods" */;
			buildPhases = (
				52B5C7C04EAFA200D7F3A87D /* Check Pods Manifest.lock */,
				4AA960391BFB18D800AA0AD8 /* Sources */,
				4AA9603A1BFB18D800AA0AD8 /* Frameworks */,
				4AA9603B1BFB18D800AA0AD8 /* Resources */,
				AF45C6EBEB971BE6DFED4DDA /* Copy Pods Resources */,
			);
			buildRules = (
			);
			dependencies = (
			);
			name = testPods;
			productName = testPods;
			productReference = 4AA9603D1BFB18D800AA0AD8 /* testPods.app */;
			productType = "com.apple.product-type.application";
		};
		4AA960581BFB18D800AA0AD8 /* testPodsTests */ = {
			isa = PBXNativeTarget;
			buildConfigurationList = 4AA960701BFB18D800AA0AD8 /* Build configuration list for PBXNativeTarget "testPodsTests" */;
			buildPhases = (
				4AA960551BFB18D800AA0AD8 /* Sources */,
				4AA960561BFB18D800AA0AD8 /* Frameworks */,
				4AA960571BFB18D800AA0AD8 /* Resources */,
			);
			buildRules = (
			);
			dependencies = (
				4AA9605B1BFB18D800AA0AD8 /* PBXTargetDependency */,
			);
			name = testPodsTests;
			productName = testPodsTests;
			productReference = 4AA960591BFB18D800AA0AD8 /* testPodsTests.xctest */;
			productType = "com.apple.product-type.bundle.unit-test";
		};
		4AA960631BFB18D800AA0AD8 /* testPodsUITests */ = {
			isa = PBXNativeTarget;
			buildConfigurationList = 4AA960731BFB18D800AA0AD8 /* Build configuration list for PBXNativeTarget "testPodsUITests" */;
			buildPhases = (
				4AA960601BFB18D800AA0AD8 /* Sources */,
				4AA960611BFB18D800AA0AD8 /* Frameworks */,
				4AA960621BFB18D800AA0AD8 /* Resources */,
			);
			buildRules = (
			);
			dependencies = (
				4AA960661BFB18D800AA0AD8 /* PBXTargetDependency */,
			);
			name = testPodsUITests;
			productName = testPodsUITests;
			productReference = 4AA960641BFB18D800AA0AD8 /* testPodsUITests.xctest */;
			productType = "com.apple.product-type.bundle.ui-testing";
		};
/* End PBXNativeTarget section */

/* Begin PBXProject section */
		4AA960351BFB18D800AA0AD8 /* Project object */ = {
			isa = PBXProject;
			attributes = {
				LastUpgradeCheck = 0700;
				ORGANIZATIONNAME = Harry;
				TargetAttributes = {
					4AA9603C1BFB18D800AA0AD8 = {
						CreatedOnToolsVersion = 7.0.1;
					};
					4AA960581BFB18D800AA0AD8 = {
						CreatedOnToolsVersion = 7.0.1;
						TestTargetID = 4AA9603C1BFB18D800AA0AD8;
					};
					4AA960631BFB18D800AA0AD8 = {
						CreatedOnToolsVersion = 7.0.1;
						TestTargetID = 4AA9603C1BFB18D800AA0AD8;
					};
				};
			};
			buildConfigurationList = 4AA960381BFB18D800AA0AD8 /* Build configuration list for PBXProject "testPods" */;
			compatibilityVersion = "Xcode 3.2";
			developmentRegion = English;
			hasScannedForEncodings = 0;
			knownRegions = (
				en,
				Base,
			);
			mainGroup = 4AA960341BFB18D800AA0AD8;
			productRefGroup = 4AA9603E1BFB18D800AA0AD8 /* Products */;
			projectDirPath = "";
			projectRoot = "";
			targets = (
				4AA9603C1BFB18D800AA0AD8 /* testPods */,
				4AA960581BFB18D800AA0AD8 /* testPodsTests */,
				4AA960631BFB18D800AA0AD8 /* testPodsUITests */,
			);
		};
/* End PBXProject section */

/* Begin PBXResourcesBuildPhase section */
		4AA9603B1BFB18D800AA0AD8 /* Resources */ = {
			isa = PBXResourcesBuildPhase;
			buildActionMask = 2147483647;
			files = (
				4AA960531BFB18D800AA0AD8 /* LaunchScreen.storyboard in Resources */,
				4AA960501BFB18D800AA0AD8 /* Assets.xcassets in Resources */,
				4AA9604B1BFB18D800AA0AD8 /* Main.storyboard in Resources */,
			);
			runOnlyForDeploymentPostprocessing = 0;
		};
		4AA960571BFB18D800AA0AD8 /* Resources */ = {
			isa = PBXResourcesBuildPhase;
			buildActionMask = 2147483647;
			files = (
			);
			runOnlyForDeploymentPostprocessing = 0;
		};
		4AA960621BFB18D800AA0AD8 /* Resources */ = {
			isa = PBXResourcesBuildPhase;
			buildActionMask = 2147483647;
			files = (
			);
			runOnlyForDeploymentPostprocessing = 0;
		};
/* End PBXResourcesBuildPhase section */

/* Begin PBXShellScriptBuildPhase section */
		52B5C7C04EAFA200D7F3A87D /* Check Pods Manifest.lock */ = {
			isa = PBXShellScriptBuildPhase;
			buildActionMask = 2147483647;
			files = (
			);
			inputPaths = (
			);
			name = "Check Pods Manifest.lock";
			outputPaths = (
			);
			runOnlyForDeploymentPostprocessing = 0;
			shellPath = /bin/sh;
			shellScript = "diff \"${PODS_ROOT}/../Podfile.lock\" \"${PODS_ROOT}/Manifest.lock\" > /dev/null\nif [[ $? != 0 ]] ; then\n    cat << EOM\nerror: The sandbox is not in sync with the Podfile.lock. Run 'pod install' or update your CocoaPods installation.\nEOM\n    exit 1\nfi\n";
			showEnvVarsInLog = 0;
		};
		AF45C6EBEB971BE6DFED4DDA /* Copy Pods Resources */ = {
			isa = PBXShellScriptBuildPhase;
			buildActionMask = 2147483647;
			files = (
			);
			inputPaths = (
			);
			name = "Copy Pods Resources";
			outputPaths = (
			);
			runOnlyForDeploymentPostprocessing = 0;
			shellPath = /bin/sh;
			shellScript = "\"${SRCROOT}/Pods/Target Support Files/Pods/Pods-resources.sh\"\n";
			showEnvVarsInLog = 0;
		};
/* End PBXShellScriptBuildPhase section */

/* Begin PBXSourcesBuildPhase section */
		4AA960391BFB18D800AA0AD8 /* Sources */ = {
			isa = PBXSourcesBuildPhase;
			buildActionMask = 2147483647;
			files = (
				4AA960481BFB18D800AA0AD8 /* ViewController.m in Sources */,
				4AA960451BFB18D800AA0AD8 /* AppDelegate.m in Sources */,
				4AA960421BFB18D800AA0AD8 /* main.m in Sources */,
				4AA9604E1BFB18D800AA0AD8 /* testPods.xcdatamodeld in Sources */,
			);
			runOnlyForDeploymentPostprocessing = 0;
		};
		4AA960551BFB18D800AA0AD8 /* Sources */ = {
			isa = PBXSourcesBuildPhase;
			buildActionMask = 2147483647;
			files = (
				4AA9605E1BFB18D800AA0AD8 /* testPodsTests.m in Sources */,
			);
			runOnlyForDeploymentPostprocessing = 0;
		};
		4AA960601BFB18D800AA0AD8 /* Sources */ = {
			isa = PBXSourcesBuildPhase;
			buildActionMask = 2147483647;
			files = (
				4AA960691BFB18D800AA0AD8 /* testPodsUITests.m in Sources */,
			);
			runOnlyForDeploymentPostprocessing = 0;
		};
/* End PBXSourcesBuildPhase section */

/* Begin PBXTargetDependency section */
		4AA9605B1BFB18D800AA0AD8 /* PBXTargetDependency */ = {
			isa = PBXTargetDependency;
			target = 4AA9603C1BFB18D800AA0AD8 /* testPods */;
			targetProxy = 4AA9605A1BFB18D800AA0AD8 /* PBXContainerItemProxy */;
		};
		4AA960661BFB18D800AA0AD8 /* PBXTargetDependency */ = {
			isa = PBXTargetDependency;
			target = 4AA9603C1BFB18D800AA0AD8 /* testPods */;
			targetProxy = 4AA960651BFB18D800AA0AD8 /* PBXContainerItemProxy */;
		};
/* End PBXTargetDependency section */

/* Begin PBXVariantGroup section */
		4AA960491BFB18D800AA0AD8 /* Main.storyboard */ = {
			isa = PBXVariantGroup;
			children = (
				4AA9604A1BFB18D800AA0AD8 /* Base */,
			);
			name = Main.storyboard;
			sourceTree = "<group>";
		};
		4AA960511BFB18D800AA0AD8 /* LaunchScreen.storyboard */ = {
			isa = PBXVariantGroup;
			children = (
				4AA960521BFB18D800AA0AD8 /* Base */,
			);
			name = LaunchScreen.storyboard;
			sourceTree = "<group>";
		};
/* End PBXVariantGroup section */

/* Begin XCBuildConfiguration section */
		4AA9606B1BFB18D800AA0AD8 /* Debug */ = {
			isa = XCBuildConfiguration;
			buildSettings = {
				ALWAYS_SEARCH_USER_PATHS = NO;
				CLANG_CXX_LANGUAGE_STANDARD = "gnu++0x";
				CLANG_CXX_LIBRARY = "libc++";
				CLANG_ENABLE_MODULES = YES;
				CLANG_ENABLE_OBJC_ARC = YES;
				CLANG_WARN_BOOL_CONVERSION = YES;
				CLANG_WARN_CONSTANT_CONVERSION = YES;
				CLANG_WARN_DIRECT_OBJC_ISA_USAGE = YES_ERROR;
				CLANG_WARN_EMPTY_BODY = YES;
				CLANG_WARN_ENUM_CONVERSION = YES;
				CLANG_WARN_INT_CONVERSION = YES;
				CLANG_WARN_OBJC_ROOT_CLASS = YES_ERROR;
				CLANG_WARN_UNREACHABLE_CODE = YES;
				CLANG_WARN__DUPLICATE_METHOD_MATCH = YES;
				"CODE_SIGN_IDENTITY[sdk=iphoneos*]" = "iPhone Developer";
				COPY_PHASE_STRIP = NO;
				DEBUG_INFORMATION_FORMAT = dwarf;
				ENABLE_STRICT_OBJC_MSGSEND = YES;
				ENABLE_TESTABILITY = YES;
				GCC_C_LANGUAGE_STANDARD = gnu99;
				GCC_DYNAMIC_NO_PIC = NO;
				GCC_NO_COMMON_BLOCKS = YES;
				GCC_OPTIMIZATION_LEVEL = 0;
				GCC_PREPROCESSOR_DEFINITIONS = (
					"DEBUG=1",
					"$(inherited)",
				);
				GCC_WARN_64_TO_32_BIT_CONVERSION = YES;
				GCC_WARN_ABOUT_RETURN_TYPE = YES_ERROR;
				GCC_WARN_UNDECLARED_SELECTOR = YES;
				GCC_WARN_UNINITIALIZED_AUTOS = YES_AGGRESSIVE;
				GCC_WARN_UNUSED_FUNCTION = YES;
				GCC_WARN_UNUSED_VARIABLE = YES;
				IPHONEOS_DEPLOYMENT_TARGET = 9.0;
				MTL_ENABLE_DEBUG_INFO = YES;
				ONLY_ACTIVE_ARCH = YES;
				SDKROOT = iphoneos;
			};
			name = Debug;
		};
		4AA9606C1BFB18D800AA0AD8 /* Release */ = {
			isa = XCBuildConfiguration;
			buildSettings = {
				ALWAYS_SEARCH_USER_PATHS = NO;
				CLANG_CXX_LANGUAGE_STANDARD = "gnu++0x";
				CLANG_CXX_LIBRARY = "libc++";
				CLANG_ENABLE_MODULES = YES;
				CLANG_ENABLE_OBJC_ARC = YES;
				CLANG_WARN_BOOL_CONVERSION = YES;
				CLANG_WARN_CONSTANT_CONVERSION = YES;
				CLANG_WARN_DIRECT_OBJC_ISA_USAGE = YES_ERROR;
				CLANG_WARN_EMPTY_BODY = YES;
				CLANG_WARN_ENUM_CONVERSION = YES;
				CLANG_WARN_INT_CONVERSION = YES;
				CLANG_WARN_OBJC_ROOT_CLASS = YES_ERROR;
				CLANG_WARN_UNREACHABLE_CODE = YES;
				CLANG_WARN__DUPLICATE_METHOD_MATCH = YES;
				"CODE_SIGN_IDENTITY[sdk=iphoneos*]" = "iPhone Developer";
				COPY_PHASE_STRIP = NO;
				DEBUG_INFORMATION_FORMAT = "dwarf-with-dsym";
				ENABLE_NS_ASSERTIONS = NO;
				ENABLE_STRICT_OBJC_MSGSEND = YES;
				GCC_C_LANGUAGE_STANDARD = gnu99;
				GCC_NO_COMMON_BLOCKS = YES;
				GCC_WARN_64_TO_32_BIT_CONVERSION = YES;
				GCC_WARN_ABOUT_RETURN_TYPE = YES_ERROR;
				GCC_WARN_UNDECLARED_SELECTOR = YES;
				GCC_WARN_UNINITIALIZED_AUTOS = YES_AGGRESSIVE;
				GCC_WARN_UNUSED_FUNCTION = YES;
				GCC_WARN_UNUSED_VARIABLE = YES;
				IPHONEOS_DEPLOYMENT_TARGET = 9.0;
				MTL_ENABLE_DEBUG_INFO = NO;
				SDKROOT = iphoneos;
				VALIDATE_PRODUCT = YES;
			};
			name = Release;
		};
		4AA9606E1BFB18D800AA0AD8 /* Debug */ = {
			isa = XCBuildConfiguration;
			baseConfigurationReference = F8A4CD21D3AD2C33F654A20F /* Pods.debug.xcconfig */;
			buildSettings = {
				ASSETCATALOG_COMPILER_APPICON_NAME = AppIcon;
				CLANG_WARN_DIRECT_OBJC_ISA_USAGE = YES_ERROR;
				INFOPLIST_FILE = testPods/Info.plist;
				IPHONEOS_DEPLOYMENT_TARGET = 7.0;
				LD_RUNPATH_SEARCH_PATHS = "$(inherited) @executable_path/Frameworks";
				PRODUCT_BUNDLE_IDENTIFIER = com.harry.testPods;
				PRODUCT_NAME = "$(TARGET_NAME)";
			};
			name = Debug;
		};
		4AA9606F1BFB18D800AA0AD8 /* Release */ = {
			isa = XCBuildConfiguration;
			baseConfigurationReference = 1C803A7CE2EE801B492274A4 /* Pods.release.xcconfig */;
			buildSettings = {
				ASSETCATALOG_COMPILER_APPICON_NAME = AppIcon;
				CLANG_WARN_DIRECT_OBJC_ISA_USAGE = YES_ERROR;
				INFOPLIST_FILE = testPods/Info.plist;
				IPHONEOS_DEPLOYMENT_TARGET = 7.0;
				LD_RUNPATH_SEARCH_PATHS = "$(inherited) @executable_path/Frameworks";
				PRODUCT_BUNDLE_IDENTIFIER = com.harry.testPods;
				PRODUCT_NAME = "$(TARGET_NAME)";
			};
			name = Release;
		};
		4AA960711BFB18D800AA0AD8 /* Debug */ = {
			isa = XCBuildConfiguration;
			buildSettings = {
				BUNDLE_LOADER = "$(TEST_HOST)";
				INFOPLIST_FILE = testPodsTests/Info.plist;
				LD_RUNPATH_SEARCH_PATHS = "$(inherited) @executable_path/Frameworks @loader_path/Frameworks";
				PRODUCT_BUNDLE_IDENTIFIER = com.harry.testPodsTests;
				PRODUCT_NAME = "$(TARGET_NAME)";
				TEST_HOST = "$(BUILT_PRODUCTS_DIR)/testPods.app/testPods";
			};
			name = Debug;
		};
		4AA960721BFB18D800AA0AD8 /* Release */ = {
			isa = XCBuildConfiguration;
			buildSettings = {
				BUNDLE_LOADER = "$(TEST_HOST)";
				INFOPLIST_FILE = testPodsTests/Info.plist;
				LD_RUNPATH_SEARCH_PATHS = "$(inherited) @executable_path/Frameworks @loader_path/Frameworks";
				PRODUCT_BUNDLE_IDENTIFIER = com.harry.testPodsTests;
				PRODUCT_NAME = "$(TARGET_NAME)";
				TEST_HOST = "$(BUILT_PRODUCTS_DIR)/testPods.app/testPods";
			};
			name = Release;
		};
		4AA960741BFB18D800AA0AD8 /* Debug */ = {
			isa = XCBuildConfiguration;
			buildSettings = {
				INFOPLIST_FILE = testPodsUITests/Info.plist;
				LD_RUNPATH_SEARCH_PATHS = "$(inherited) @executable_path/Frameworks @loader_path/Frameworks";
				PRODUCT_BUNDLE_IDENTIFIER = com.harry.testPodsUITests;
				PRODUCT_NAME = "$(TARGET_NAME)";
				TEST_TARGET_NAME = testPods;
				USES_XCTRUNNER = YES;
			};
			name = Debug;
		};
		4AA960751BFB18D800AA0AD8 /* Release */ = {
			isa = XCBuildConfiguration;
			buildSettings = {
				INFOPLIST_FILE = testPodsUITests/Info.plist;
				LD_RUNPATH_SEARCH_PATHS = "$(inherited) @executable_path/Frameworks @loader_path/Frameworks";
				PRODUCT_BUNDLE_IDENTIFIER = com.harry.testPodsUITests;
				PRODUCT_NAME = "$(TARGET_NAME)";
				TEST_TARGET_NAME = testPods;
				USES_XCTRUNNER = YES;
			};
			name = Release;
		};
/* End XCBuildConfiguration section */

/* Begin XCConfigurationList section */
		4AA960381BFB18D800AA0AD8 /* Build configuration list for PBXProject "testPods" */ = {
			isa = XCConfigurationList;
			buildConfigurations = (
				4AA9606B1BFB18D800AA0AD8 /* Debug */,
				4AA9606C1BFB18D800AA0AD8 /* Release */,
			);
			defaultConfigurationIsVisible = 0;
			defaultConfigurationName = Release;
		};
		4AA9606D1BFB18D800AA0AD8 /* Build configuration list for PBXNativeTarget "testPods" */ = {
			isa = XCConfigurationList;
			buildConfigurations = (
				4AA9606E1BFB18D800AA0AD8 /* Debug */,
				4AA9606F1BFB18D800AA0AD8 /* Release */,
			);
			defaultConfigurationIsVisible = 0;
			defaultConfigurationName = Release;
		};
		4AA960701BFB18D800AA0AD8 /* Build configuration list for PBXNativeTarget "testPodsTests" */ = {
			isa = XCConfigurationList;
			buildConfigurations = (
				4AA960711BFB18D800AA0AD8 /* Debug */,
				4AA960721BFB18D800AA0AD8 /* Release */,
			);
			defaultConfigurationIsVisible = 0;
			defaultConfigurationName = Release;
		};
		4AA960731BFB18D800AA0AD8 /* Build configuration list for PBXNativeTarget "testPodsUITests" */ = {
			isa = XCConfigurationList;
			buildConfigurations = (
				4AA960741BFB18D800AA0AD8 /* Debug */,
				4AA960751BFB18D800AA0AD8 /* Release */,
			);
			defaultConfigurationIsVisible = 0;
			defaultConfigurationName = Release;
		};
/* End XCConfigurationList section */

/* Begin XCVersionGroup section */
		4AA9604C1BFB18D800AA0AD8 /* testPods.xcdatamodeld */ = {
			isa = XCVersionGroup;
			children = (
				4AA9604D1BFB18D800AA0AD8 /* testPods.xcdatamodel */,
			);
			currentVersion = 4AA9604D1BFB18D800AA0AD8 /* testPods.xcdatamodel */;
			path = testPods.xcdatamodeld;
			sourceTree = "<group>";
			versionGroupType = wrapper.xcdatamodel;
		};
/* End XCVersionGroup section */
	};
	rootObject = 4AA960351BFB18D800AA0AD8 /* Project object */;
}
