// !$*UTF8*$!
{
	archiveVersion = 1;
	classes = {
	};
	objectVersion = 46;
	objects = {

/* Begin PBXBuildFile section */
		4A30A90B1CA0D6E700496099 /* LaunchScreen.storyboard in Resources */ = {isa = PBXBuildFile; fileRef = 4A30A90A1CA0D6E700496099 /* LaunchScreen.storyboard */; };
		4AB11CC81C9F8373005A5AF0 /* main.m in Sources */ = {isa = PBXBuildFile; fileRef = 4AB11CC71C9F8373005A5AF0 /* main.m */; };
		4AB11CCB1C9F8373005A5AF0 /* AppDelegate.m in Sources */ = {isa = PBXBuildFile; fileRef = 4AB11CCA1C9F8373005A5AF0 /* AppDelegate.m */; };
		4AB11CCE1C9F8373005A5AF0 /* ViewController.m in Sources */ = {isa = PBXBuildFile; fileRef = 4AB11CCD1C9F8373005A5AF0 /* ViewController.m */; };
		4AB11CD41C9F8373005A5AF0 /* TestPhotoResource.xcdatamodeld in Sources */ = {isa = PBXBuildFile; fileRef = 4AB11CD21C9F8373005A5AF0 /* TestPhotoResource.xcdatamodeld */; };
		4AB11CD61C9F8373005A5AF0 /* Assets.xcassets in Resources */ = {isa = PBXBuildFile; fileRef = 4AB11CD51C9F8373005A5AF0 /* Assets.xcassets */; };
		4AB11CE41C9F8374005A5AF0 /* TestPhotoResourceTests.m in Sources */ = {isa = PBXBuildFile; fileRef = 4AB11CE31C9F8374005A5AF0 /* TestPhotoResourceTests.m */; };
		4AB11CEF1C9F8374005A5AF0 /* TestPhotoResourceUITests.m in Sources */ = {isa = PBXBuildFile; fileRef = 4AB11CEE1C9F8374005A5AF0 /* TestPhotoResourceUITests.m */; };
		4AB11D001C9FCC72005A5AF0 /* AssetsViewController.m in Sources */ = {isa = PBXBuildFile; fileRef = 4AB11CFF1C9FCC72005A5AF0 /* AssetsViewController.m */; };
		7EA0BE4A1E2DCA8800DDE739 /* PhotosViewController.m in Sources */ = {isa = PBXBuildFile; fileRef = 7EA0BE491E2DCA8800DDE739 /* PhotosViewController.m */; };
		F283446FBB11223F6A8969FA /* libPods-TestPhotoResource.a in Frameworks */ = {isa = PBXBuildFile; fileRef = 9B61D9F9C54CCE244BB0DB9F /* libPods-TestPhotoResource.a */; };
/* End PBXBuildFile section */

/* Begin PBXContainerItemProxy section */
		4AB11CE01C9F8373005A5AF0 /* PBXContainerItemProxy */ = {
			isa = PBXContainerItemProxy;
			containerPortal = 4AB11CBB1C9F8373005A5AF0 /* Project object */;
			proxyType = 1;
			remoteGlobalIDString = 4AB11CC21C9F8373005A5AF0;
			remoteInfo = TestPhotoResource;
		};
		4AB11CEB1C9F8374005A5AF0 /* PBXContainerItemProxy */ = {
			isa = PBXContainerItemProxy;
			containerPortal = 4AB11CBB1C9F8373005A5AF0 /* Project object */;
			proxyType = 1;
			remoteGlobalIDString = 4AB11CC21C9F8373005A5AF0;
			remoteInfo = TestPhotoResource;
		};
/* End PBXContainerItemProxy section */

/* Begin PBXFileReference section */
		4A30A90A1CA0D6E700496099 /* LaunchScreen.storyboard */ = {isa = PBXFileReference; fileEncoding = 4; lastKnownFileType = file.storyboard; name = LaunchScreen.storyboard; path = ../LaunchScreen.storyboard; sourceTree = "<group>"; };
		4AB11CC31C9F8373005A5AF0 /* TestPhotoResource.app */ = {isa = PBXFileReference; explicitFileType = wrapper.application; includeInIndex = 0; path = TestPhotoResource.app; sourceTree = BUILT_PRODUCTS_DIR; };
		4AB11CC71C9F8373005A5AF0 /* main.m */ = {isa = PBXFileReference; lastKnownFileType = sourcecode.c.objc; path = main.m; sourceTree = "<group>"; };
		4AB11CC91C9F8373005A5AF0 /* AppDelegate.h */ = {isa = PBXFileReference; lastKnownFileType = sourcecode.c.h; path = AppDelegate.h; sourceTree = "<group>"; };
		4AB11CCA1C9F8373005A5AF0 /* AppDelegate.m */ = {isa = PBXFileReference; lastKnownFileType = sourcecode.c.objc; path = AppDelegate.m; sourceTree = "<group>"; };
		4AB11CCC1C9F8373005A5AF0 /* ViewController.h */ = {isa = PBXFileReference; lastKnownFileType = sourcecode.c.h; path = ViewController.h; sourceTree = "<group>"; };
		4AB11CCD1C9F8373005A5AF0 /* ViewController.m */ = {isa = PBXFileReference; lastKnownFileType = sourcecode.c.objc; path = ViewController.m; sourceTree = "<group>"; };
		4AB11CD31C9F8373005A5AF0 /* TestPhotoResource.xcdatamodel */ = {isa = PBXFileReference; lastKnownFileType = wrapper.xcdatamodel; path = TestPhotoResource.xcdatamodel; sourceTree = "<group>"; };
		4AB11CD51C9F8373005A5AF0 /* Assets.xcassets */ = {isa = PBXFileReference; lastKnownFileType = folder.assetcatalog; path = Assets.xcassets; sourceTree = "<group>"; };
		4AB11CDA1C9F8373005A5AF0 /* Info.plist */ = {isa = PBXFileReference; lastKnownFileType = text.plist.xml; path = Info.plist; sourceTree = "<group>"; };
		4AB11CDF1C9F8373005A5AF0 /* TestPhotoResourceTests.xctest */ = {isa = PBXFileReference; explicitFileType = wrapper.cfbundle; includeInIndex = 0; path = TestPhotoResourceTests.xctest; sourceTree = BUILT_PRODUCTS_DIR; };
		4AB11CE31C9F8374005A5AF0 /* TestPhotoResourceTests.m */ = {isa = PBXFileReference; lastKnownFileType = sourcecode.c.objc; path = TestPhotoResourceTests.m; sourceTree = "<group>"; };
		4AB11CE51C9F8374005A5AF0 /* Info.plist */ = {isa = PBXFileReference; lastKnownFileType = text.plist.xml; path = Info.plist; sourceTree = "<group>"; };
		4AB11CEA1C9F8374005A5AF0 /* TestPhotoResourceUITests.xctest */ = {isa = PBXFileReference; explicitFileType = wrapper.cfbundle; includeInIndex = 0; path = TestPhotoResourceUITests.xctest; sourceTree = BUILT_PRODUCTS_DIR; };
		4AB11CEE1C9F8374005A5AF0 /* TestPhotoResourceUITests.m */ = {isa = PBXFileReference; lastKnownFileType = sourcecode.c.objc; path = TestPhotoResourceUITests.m; sourceTree = "<group>"; };
		4AB11CF01C9F8374005A5AF0 /* Info.plist */ = {isa = PBXFileReference; lastKnownFileType = text.plist.xml; path = Info.plist; sourceTree = "<group>"; };
		4AB11CFE1C9FCC72005A5AF0 /* AssetsViewController.h */ = {isa = PBXFileReference; fileEncoding = 4; lastKnownFileType = sourcecode.c.h; path = AssetsViewController.h; sourceTree = "<group>"; };
		4AB11CFF1C9FCC72005A5AF0 /* AssetsViewController.m */ = {isa = PBXFileReference; fileEncoding = 4; lastKnownFileType = sourcecode.c.objc; path = AssetsViewController.m; sourceTree = "<group>"; };
		5D40E52EDE7F07D3353E6B78 /* Pods-TestPhotoResource.release.xcconfig */ = {isa = PBXFileReference; includeInIndex = 1; lastKnownFileType = text.xcconfig; name = "Pods-TestPhotoResource.release.xcconfig"; path = "Pods/Target Support Files/Pods-TestPhotoResource/Pods-TestPhotoResource.release.xcconfig"; sourceTree = "<group>"; };
		7EA0BE481E2DCA8800DDE739 /* PhotosViewController.h */ = {isa = PBXFileReference; fileEncoding = 4; lastKnownFileType = sourcecode.c.h; path = PhotosViewController.h; sourceTree = "<group>"; };
		7EA0BE491E2DCA8800DDE739 /* PhotosViewController.m */ = {isa = PBXFileReference; fileEncoding = 4; lastKnownFileType = sourcecode.c.objc; path = PhotosViewController.m; sourceTree = "<group>"; };
		9B61D9F9C54CCE244BB0DB9F /* libPods-TestPhotoResource.a */ = {isa = PBXFileReference; explicitFileType = archive.ar; includeInIndex = 0; path = "libPods-TestPhotoResource.a"; sourceTree = BUILT_PRODUCTS_DIR; };
		CE4C4C511CE8C07F3A62A7E8 /* Pods-TestPhotoResource.debug.xcconfig */ = {isa = PBXFileReference; includeInIndex = 1; lastKnownFileType = text.xcconfig; name = "Pods-TestPhotoResource.debug.xcconfig"; path = "Pods/Target Support Files/Pods-TestPhotoResource/Pods-TestPhotoResource.debug.xcconfig"; sourceTree = "<group>"; };
/* End PBXFileReference section */

/* Begin PBXFrameworksBuildPhase section */
		4AB11CC01C9F8373005A5AF0 /* Frameworks */ = {
			isa = PBXFrameworksBuildPhase;
			buildActionMask = 2147483647;
			files = (
				F283446FBB11223F6A8969FA /* libPods-TestPhotoResource.a in Frameworks */,
			);
			runOnlyForDeploymentPostprocessing = 0;
		};
		4AB11CDC1C9F8373005A5AF0 /* Frameworks */ = {
			isa = PBXFrameworksBuildPhase;
			buildActionMask = 2147483647;
			files = (
			);
			runOnlyForDeploymentPostprocessing = 0;
		};
		4AB11CE71C9F8374005A5AF0 /* Frameworks */ = {
			isa = PBXFrameworksBuildPhase;
			buildActionMask = 2147483647;
			files = (
			);
			runOnlyForDeploymentPostprocessing = 0;
		};
/* End PBXFrameworksBuildPhase section */

/* Begin PBXGroup section */
		0AE70A2A3486C03964611DCB /* Pods */ = {
			isa = PBXGroup;
			children = (
				CE4C4C511CE8C07F3A62A7E8 /* Pods-TestPhotoResource.debug.xcconfig */,
				5D40E52EDE7F07D3353E6B78 /* Pods-TestPhotoResource.release.xcconfig */,
			);
			name = Pods;
			sourceTree = "<group>";
		};
		4AB11CBA1C9F8373005A5AF0 = {
			isa = PBXGroup;
			children = (
				4AB11CC51C9F8373005A5AF0 /* TestPhotoResource */,
				4AB11CE21C9F8374005A5AF0 /* TestPhotoResourceTests */,
				4AB11CED1C9F8374005A5AF0 /* TestPhotoResourceUITests */,
				4AB11CC41C9F8373005A5AF0 /* Products */,
				0AE70A2A3486C03964611DCB /* Pods */,
				A0B1D619E446E2BBA810B1A7 /* Frameworks */,
			);
			sourceTree = "<group>";
		};
		4AB11CC41C9F8373005A5AF0 /* Products */ = {
			isa = PBXGroup;
			children = (
				4AB11CC31C9F8373005A5AF0 /* TestPhotoResource.app */,
				4AB11CDF1C9F8373005A5AF0 /* TestPhotoResourceTests.xctest */,
				4AB11CEA1C9F8374005A5AF0 /* TestPhotoResourceUITests.xctest */,
			);
			name = Products;
			sourceTree = "<group>";
		};
		4AB11CC51C9F8373005A5AF0 /* TestPhotoResource */ = {
			isa = PBXGroup;
			children = (
				4AB11CC91C9F8373005A5AF0 /* AppDelegate.h */,
				4AB11CCA1C9F8373005A5AF0 /* AppDelegate.m */,
				4AB11CCC1C9F8373005A5AF0 /* ViewController.h */,
				4AB11CCD1C9F8373005A5AF0 /* ViewController.m */,
				4AB11CFE1C9FCC72005A5AF0 /* AssetsViewController.h */,
				4AB11CFF1C9FCC72005A5AF0 /* AssetsViewController.m */,
				7EA0BE481E2DCA8800DDE739 /* PhotosViewController.h */,
				7EA0BE491E2DCA8800DDE739 /* PhotosViewController.m */,
				4AB11CD51C9F8373005A5AF0 /* Assets.xcassets */,
				4AB11CDA1C9F8373005A5AF0 /* Info.plist */,
				4AB11CD21C9F8373005A5AF0 /* TestPhotoResource.xcdatamodeld */,
				4A30A90A1CA0D6E700496099 /* LaunchScreen.storyboard */,
				4AB11CC61C9F8373005A5AF0 /* Supporting Files */,
			);
			path = TestPhotoResource;
			sourceTree = "<group>";
		};
		4AB11CC61C9F8373005A5AF0 /* Supporting Files */ = {
			isa = PBXGroup;
			children = (
				4AB11CC71C9F8373005A5AF0 /* main.m */,
			);
			name = "Supporting Files";
			sourceTree = "<group>";
		};
		4AB11CE21C9F8374005A5AF0 /* TestPhotoResourceTests */ = {
			isa = PBXGroup;
			children = (
				4AB11CE31C9F8374005A5AF0 /* TestPhotoResourceTests.m */,
				4AB11CE51C9F8374005A5AF0 /* Info.plist */,
			);
			path = TestPhotoResourceTests;
			sourceTree = "<group>";
		};
		4AB11CED1C9F8374005A5AF0 /* TestPhotoResourceUITests */ = {
			isa = PBXGroup;
			children = (
				4AB11CEE1C9F8374005A5AF0 /* TestPhotoResourceUITests.m */,
				4AB11CF01C9F8374005A5AF0 /* Info.plist */,
			);
			path = TestPhotoResourceUITests;
			sourceTree = "<group>";
		};
		A0B1D619E446E2BBA810B1A7 /* Frameworks */ = {
			isa = PBXGroup;
			children = (
				9B61D9F9C54CCE244BB0DB9F /* libPods-TestPhotoResource.a */,
			);
			name = Frameworks;
			sourceTree = "<group>";
		};
/* End PBXGroup section */

/* Begin PBXNativeTarget section */
		4AB11CC21C9F8373005A5AF0 /* TestPhotoResource */ = {
			isa = PBXNativeTarget;
			buildConfigurationList = 4AB11CF31C9F8374005A5AF0 /* Build configuration list for PBXNativeTarget "TestPhotoResource" */;
			buildPhases = (
				0FF9FBB21E63B769725B7B1A /* [CP] Check Pods Manifest.lock */,
				4AB11CBF1C9F8373005A5AF0 /* Sources */,
				4AB11CC01C9F8373005A5AF0 /* Frameworks */,
				4AB11CC11C9F8373005A5AF0 /* Resources */,
				80073047112F3C74540DFAA7 /* [CP] Embed Pods Frameworks */,
				A9A64106A2B161AB75970912 /* [CP] Copy Pods Resources */,
			);
			buildRules = (
			);
			dependencies = (
			);
			name = TestPhotoResource;
			productName = TestPhotoResource;
			productReference = 4AB11CC31C9F8373005A5AF0 /* TestPhotoResource.app */;
			productType = "com.apple.product-type.application";
		};
		4AB11CDE1C9F8373005A5AF0 /* TestPhotoResourceTests */ = {
			isa = PBXNativeTarget;
			buildConfigurationList = 4AB11CF61C9F8374005A5AF0 /* Build configuration list for PBXNativeTarget "TestPhotoResourceTests" */;
			buildPhases = (
				4AB11CDB1C9F8373005A5AF0 /* Sources */,
				4AB11CDC1C9F8373005A5AF0 /* Frameworks */,
				4AB11CDD1C9F8373005A5AF0 /* Resources */,
			);
			buildRules = (
			);
			dependencies = (
				4AB11CE11C9F8373005A5AF0 /* PBXTargetDependency */,
			);
			name = TestPhotoResourceTests;
			productName = TestPhotoResourceTests;
			productReference = 4AB11CDF1C9F8373005A5AF0 /* TestPhotoResourceTests.xctest */;
			productType = "com.apple.product-type.bundle.unit-test";
		};
		4AB11CE91C9F8374005A5AF0 /* TestPhotoResourceUITests */ = {
			isa = PBXNativeTarget;
			buildConfigurationList = 4AB11CF91C9F8374005A5AF0 /* Build configuration list for PBXNativeTarget "TestPhotoResourceUITests" */;
			buildPhases = (
				4AB11CE61C9F8374005A5AF0 /* Sources */,
				4AB11CE71C9F8374005A5AF0 /* Frameworks */,
				4AB11CE81C9F8374005A5AF0 /* Resources */,
			);
			buildRules = (
			);
			dependencies = (
				4AB11CEC1C9F8374005A5AF0 /* PBXTargetDependency */,
			);
			name = TestPhotoResourceUITests;
			productName = TestPhotoResourceUITests;
			productReference = 4AB11CEA1C9F8374005A5AF0 /* TestPhotoResourceUITests.xctest */;
			productType = "com.apple.product-type.bundle.ui-testing";
		};
/* End PBXNativeTarget section */

/* Begin PBXProject section */
		4AB11CBB1C9F8373005A5AF0 /* Project object */ = {
			isa = PBXProject;
			attributes = {
				LastUpgradeCheck = 0710;
				ORGANIZATIONNAME = Harry;
				TargetAttributes = {
					4AB11CC21C9F8373005A5AF0 = {
						CreatedOnToolsVersion = 7.1.1;
						DevelopmentTeam = 2EUZ5J663F;
					};
					4AB11CDE1C9F8373005A5AF0 = {
						CreatedOnToolsVersion = 7.1.1;
						TestTargetID = 4AB11CC21C9F8373005A5AF0;
					};
					4AB11CE91C9F8374005A5AF0 = {
						CreatedOnToolsVersion = 7.1.1;
						TestTargetID = 4AB11CC21C9F8373005A5AF0;
					};
				};
			};
			buildConfigurationList = 4AB11CBE1C9F8373005A5AF0 /* Build configuration list for PBXProject "TestPhotoResource" */;
			compatibilityVersion = "Xcode 3.2";
			developmentRegion = English;
			hasScannedForEncodings = 0;
			knownRegions = (
				en,
				Base,
			);
			mainGroup = 4AB11CBA1C9F8373005A5AF0;
			productRefGroup = 4AB11CC41C9F8373005A5AF0 /* Products */;
			projectDirPath = "";
			projectRoot = "";
			targets = (
				4AB11CC21C9F8373005A5AF0 /* TestPhotoResource */,
				4AB11CDE1C9F8373005A5AF0 /* TestPhotoResourceTests */,
				4AB11CE91C9F8374005A5AF0 /* TestPhotoResourceUITests */,
			);
		};
/* End PBXProject section */

/* Begin PBXResourcesBuildPhase section */
		4AB11CC11C9F8373005A5AF0 /* Resources */ = {
			isa = PBXResourcesBuildPhase;
			buildActionMask = 2147483647;
			files = (
				4AB11CD61C9F8373005A5AF0 /* Assets.xcassets in Resources */,
				4A30A90B1CA0D6E700496099 /* LaunchScreen.storyboard in Resources */,
			);
			runOnlyForDeploymentPostprocessing = 0;
		};
		4AB11CDD1C9F8373005A5AF0 /* Resources */ = {
			isa = PBXResourcesBuildPhase;
			buildActionMask = 2147483647;
			files = (
			);
			runOnlyForDeploymentPostprocessing = 0;
		};
		4AB11CE81C9F8374005A5AF0 /* Resources */ = {
			isa = PBXResourcesBuildPhase;
			buildActionMask = 2147483647;
			files = (
			);
			runOnlyForDeploymentPostprocessing = 0;
		};
/* End PBXResourcesBuildPhase section */

/* Begin PBXShellScriptBuildPhase section */
		0FF9FBB21E63B769725B7B1A /* [CP] Check Pods Manifest.lock */ = {
			isa = PBXShellScriptBuildPhase;
			buildActionMask = 2147483647;
			files = (
			);
			inputPaths = (
			);
			name = "[CP] Check Pods Manifest.lock";
			outputPaths = (
			);
			runOnlyForDeploymentPostprocessing = 0;
			shellPath = /bin/sh;
			shellScript = "diff \"${PODS_ROOT}/../Podfile.lock\" \"${PODS_ROOT}/Manifest.lock\" > /dev/null\nif [ $? != 0 ] ; then\n    # print error to STDERR\n    echo \"error: The sandbox is not in sync with the Podfile.lock. Run 'pod install' or update your CocoaPods installation.\" >&2\n    exit 1\nfi\n";
			showEnvVarsInLog = 0;
		};
		80073047112F3C74540DFAA7 /* [CP] Embed Pods Frameworks */ = {
			isa = PBXShellScriptBuildPhase;
			buildActionMask = 2147483647;
			files = (
			);
			inputPaths = (
			);
			name = "[CP] Embed Pods Frameworks";
			outputPaths = (
			);
			runOnlyForDeploymentPostprocessing = 0;
			shellPath = /bin/sh;
			shellScript = "\"${SRCROOT}/Pods/Target Support Files/Pods-TestPhotoResource/Pods-TestPhotoResource-frameworks.sh\"\n";
			showEnvVarsInLog = 0;
		};
		A9A64106A2B161AB75970912 /* [CP] Copy Pods Resources */ = {
			isa = PBXShellScriptBuildPhase;
			buildActionMask = 2147483647;
			files = (
			);
			inputPaths = (
			);
			name = "[CP] Copy Pods Resources";
			outputPaths = (
			);
			runOnlyForDeploymentPostprocessing = 0;
			shellPath = /bin/sh;
			shellScript = "\"${SRCROOT}/Pods/Target Support Files/Pods-TestPhotoResource/Pods-TestPhotoResource-resources.sh\"\n";
			showEnvVarsInLog = 0;
		};
/* End PBXShellScriptBuildPhase section */

/* Begin PBXSourcesBuildPhase section */
		4AB11CBF1C9F8373005A5AF0 /* Sources */ = {
			isa = PBXSourcesBuildPhase;
			buildActionMask = 2147483647;
			files = (
				4AB11D001C9FCC72005A5AF0 /* AssetsViewController.m in Sources */,
				7EA0BE4A1E2DCA8800DDE739 /* PhotosViewController.m in Sources */,
				4AB11CD41C9F8373005A5AF0 /* TestPhotoResource.xcdatamodeld in Sources */,
				4AB11CCE1C9F8373005A5AF0 /* ViewController.m in Sources */,
				4AB11CCB1C9F8373005A5AF0 /* AppDelegate.m in Sources */,
				4AB11CC81C9F8373005A5AF0 /* main.m in Sources */,
			);
			runOnlyForDeploymentPostprocessing = 0;
		};
		4AB11CDB1C9F8373005A5AF0 /* Sources */ = {
			isa = PBXSourcesBuildPhase;
			buildActionMask = 2147483647;
			files = (
				4AB11CE41C9F8374005A5AF0 /* TestPhotoResourceTests.m in Sources */,
			);
			runOnlyForDeploymentPostprocessing = 0;
		};
		4AB11CE61C9F8374005A5AF0 /* Sources */ = {
			isa = PBXSourcesBuildPhase;
			buildActionMask = 2147483647;
			files = (
				4AB11CEF1C9F8374005A5AF0 /* TestPhotoResourceUITests.m in Sources */,
			);
			runOnlyForDeploymentPostprocessing = 0;
		};
/* End PBXSourcesBuildPhase section */

/* Begin PBXTargetDependency section */
		4AB11CE11C9F8373005A5AF0 /* PBXTargetDependency */ = {
			isa = PBXTargetDependency;
			target = 4AB11CC21C9F8373005A5AF0 /* TestPhotoResource */;
			targetProxy = 4AB11CE01C9F8373005A5AF0 /* PBXContainerItemProxy */;
		};
		4AB11CEC1C9F8374005A5AF0 /* PBXTargetDependency */ = {
			isa = PBXTargetDependency;
			target = 4AB11CC21C9F8373005A5AF0 /* TestPhotoResource */;
			targetProxy = 4AB11CEB1C9F8374005A5AF0 /* PBXContainerItemProxy */;
		};
/* End PBXTargetDependency section */

/* Begin XCBuildConfiguration section */
		4AB11CF11C9F8374005A5AF0 /* Debug */ = {
			isa = XCBuildConfiguration;
			buildSettings = {
				ALWAYS_SEARCH_USER_PATHS = NO;
				CLANG_CXX_LANGUAGE_STANDARD = "gnu++0x";
				CLANG_CXX_LIBRARY = "libc++";
				CLANG_ENABLE_MODULES = YES;
				CLANG_ENABLE_OBJC_ARC = YES;
				CLANG_WARN_BOOL_CONVERSION = YES;
				CLANG_WARN_CONSTANT_CONVERSION = YES;
				CLANG_WARN_DIRECT_OBJC_ISA_USAGE = YES_ERROR;
				CLANG_WARN_EMPTY_BODY = YES;
				CLANG_WARN_ENUM_CONVERSION = YES;
				CLANG_WARN_INT_CONVERSION = YES;
				CLANG_WARN_OBJC_ROOT_CLASS = YES_ERROR;
				CLANG_WARN_UNREACHABLE_CODE = YES;
				CLANG_WARN__DUPLICATE_METHOD_MATCH = YES;
				"CODE_SIGN_IDENTITY[sdk=iphoneos*]" = "iPhone Developer";
				COPY_PHASE_STRIP = NO;
				DEBUG_INFORMATION_FORMAT = dwarf;
				ENABLE_STRICT_OBJC_MSGSEND = YES;
				ENABLE_TESTABILITY = YES;
				GCC_C_LANGUAGE_STANDARD = gnu99;
				GCC_DYNAMIC_NO_PIC = NO;
				GCC_NO_COMMON_BLOCKS = YES;
				GCC_OPTIMIZATION_LEVEL = 0;
				GCC_PREPROCESSOR_DEFINITIONS = (
					"DEBUG=1",
					"$(inherited)",
				);
				GCC_WARN_64_TO_32_BIT_CONVERSION = YES;
				GCC_WARN_ABOUT_RETURN_TYPE = YES_ERROR;
				GCC_WARN_UNDECLARED_SELECTOR = YES;
				GCC_WARN_UNINITIALIZED_AUTOS = YES_AGGRESSIVE;
				GCC_WARN_UNUSED_FUNCTION = YES;
				GCC_WARN_UNUSED_VARIABLE = YES;
				IPHONEOS_DEPLOYMENT_TARGET = 9.1;
				MTL_ENABLE_DEBUG_INFO = YES;
				ONLY_ACTIVE_ARCH = YES;
				SDKROOT = iphoneos;
			};
			name = Debug;
		};
		4AB11CF21C9F8374005A5AF0 /* Release */ = {
			isa = XCBuildConfiguration;
			buildSettings = {
				ALWAYS_SEARCH_USER_PATHS = NO;
				CLANG_CXX_LANGUAGE_STANDARD = "gnu++0x";
				CLANG_CXX_LIBRARY = "libc++";
				CLANG_ENABLE_MODULES = YES;
				CLANG_ENABLE_OBJC_ARC = YES;
				CLANG_WARN_BOOL_CONVERSION = YES;
				CLANG_WARN_CONSTANT_CONVERSION = YES;
				CLANG_WARN_DIRECT_OBJC_ISA_USAGE = YES_ERROR;
				CLANG_WARN_EMPTY_BODY = YES;
				CLANG_WARN_ENUM_CONVERSION = YES;
				CLANG_WARN_INT_CONVERSION = YES;
				CLANG_WARN_OBJC_ROOT_CLASS = YES_ERROR;
				CLANG_WARN_UNREACHABLE_CODE = YES;
				CLANG_WARN__DUPLICATE_METHOD_MATCH = YES;
				"CODE_SIGN_IDENTITY[sdk=iphoneos*]" = "iPhone Developer";
				COPY_PHASE_STRIP = NO;
				DEBUG_INFORMATION_FORMAT = "dwarf-with-dsym";
				ENABLE_NS_ASSERTIONS = NO;
				ENABLE_STRICT_OBJC_MSGSEND = YES;
				GCC_C_LANGUAGE_STANDARD = gnu99;
				GCC_NO_COMMON_BLOCKS = YES;
				GCC_WARN_64_TO_32_BIT_CONVERSION = YES;
				GCC_WARN_ABOUT_RETURN_TYPE = YES_ERROR;
				GCC_WARN_UNDECLARED_SELECTOR = YES;
				GCC_WARN_UNINITIALIZED_AUTOS = YES_AGGRESSIVE;
				GCC_WARN_UNUSED_FUNCTION = YES;
				GCC_WARN_UNUSED_VARIABLE = YES;
				IPHONEOS_DEPLOYMENT_TARGET = 9.1;
				MTL_ENABLE_DEBUG_INFO = NO;
				SDKROOT = iphoneos;
				VALIDATE_PRODUCT = YES;
			};
			name = Release;
		};
		4AB11CF41C9F8374005A5AF0 /* Debug */ = {
			isa = XCBuildConfiguration;
			baseConfigurationReference = CE4C4C511CE8C07F3A62A7E8 /* Pods-TestPhotoResource.debug.xcconfig */;
			buildSettings = {
				ASSETCATALOG_COMPILER_APPICON_NAME = AppIcon;
				DEVELOPMENT_TEAM = 2EUZ5J663F;
				INFOPLIST_FILE = TestPhotoResource/Info.plist;
				IPHONEOS_DEPLOYMENT_TARGET = 7.0;
				LD_RUNPATH_SEARCH_PATHS = "$(inherited) @executable_path/Frameworks";
				PRODUCT_BUNDLE_IDENTIFIER = com.harry.TestPhotoResource;
				PRODUCT_NAME = "$(TARGET_NAME)";
			};
			name = Debug;
		};
		4AB11CF51C9F8374005A5AF0 /* Release */ = {
			isa = XCBuildConfiguration;
			baseConfigurationReference = 5D40E52EDE7F07D3353E6B78 /* Pods-TestPhotoResource.release.xcconfig */;
			buildSettings = {
				ASSETCATALOG_COMPILER_APPICON_NAME = AppIcon;
				DEVELOPMENT_TEAM = 2EUZ5J663F;
				INFOPLIST_FILE = TestPhotoResource/Info.plist;
				IPHONEOS_DEPLOYMENT_TARGET = 7.0;
				LD_RUNPATH_SEARCH_PATHS = "$(inherited) @executable_path/Frameworks";
				PRODUCT_BUNDLE_IDENTIFIER = com.harry.TestPhotoResource;
				PRODUCT_NAME = "$(TARGET_NAME)";
			};
			name = Release;
		};
		4AB11CF71C9F8374005A5AF0 /* Debug */ = {
			isa = XCBuildConfiguration;
			buildSettings = {
				BUNDLE_LOADER = "$(TEST_HOST)";
				INFOPLIST_FILE = TestPhotoResourceTests/Info.plist;
				LD_RUNPATH_SEARCH_PATHS = "$(inherited) @executable_path/Frameworks @loader_path/Frameworks";
				PRODUCT_BUNDLE_IDENTIFIER = com.harry.TestPhotoResourceTests;
				PRODUCT_NAME = "$(TARGET_NAME)";
				TEST_HOST = "$(BUILT_PRODUCTS_DIR)/TestPhotoResource.app/TestPhotoResource";
			};
			name = Debug;
		};
		4AB11CF81C9F8374005A5AF0 /* Release */ = {
			isa = XCBuildConfiguration;
			buildSettings = {
				BUNDLE_LOADER = "$(TEST_HOST)";
				INFOPLIST_FILE = TestPhotoResourceTests/Info.plist;
				LD_RUNPATH_SEARCH_PATHS = "$(inherited) @executable_path/Frameworks @loader_path/Frameworks";
				PRODUCT_BUNDLE_IDENTIFIER = com.harry.TestPhotoResourceTests;
				PRODUCT_NAME = "$(TARGET_NAME)";
				TEST_HOST = "$(BUILT_PRODUCTS_DIR)/TestPhotoResource.app/TestPhotoResource";
			};
			name = Release;
		};
		4AB11CFA1C9F8374005A5AF0 /* Debug */ = {
			isa = XCBuildConfiguration;
			buildSettings = {
				INFOPLIST_FILE = TestPhotoResourceUITests/Info.plist;
				LD_RUNPATH_SEARCH_PATHS = "$(inherited) @executable_path/Frameworks @loader_path/Frameworks";
				PRODUCT_BUNDLE_IDENTIFIER = com.harry.TestPhotoResourceUITests;
				PRODUCT_NAME = "$(TARGET_NAME)";
				TEST_TARGET_NAME = TestPhotoResource;
				USES_XCTRUNNER = YES;
			};
			name = Debug;
		};
		4AB11CFB1C9F8374005A5AF0 /* Release */ = {
			isa = XCBuildConfiguration;
			buildSettings = {
				INFOPLIST_FILE = TestPhotoResourceUITests/Info.plist;
				LD_RUNPATH_SEARCH_PATHS = "$(inherited) @executable_path/Frameworks @loader_path/Frameworks";
				PRODUCT_BUNDLE_IDENTIFIER = com.harry.TestPhotoResourceUITests;
				PRODUCT_NAME = "$(TARGET_NAME)";
				TEST_TARGET_NAME = TestPhotoResource;
				USES_XCTRUNNER = YES;
			};
			name = Release;
		};
/* End XCBuildConfiguration section */

/* Begin XCConfigurationList section */
		4AB11CBE1C9F8373005A5AF0 /* Build configuration list for PBXProject "TestPhotoResource" */ = {
			isa = XCConfigurationList;
			buildConfigurations = (
				4AB11CF11C9F8374005A5AF0 /* Debug */,
				4AB11CF21C9F8374005A5AF0 /* Release */,
			);
			defaultConfigurationIsVisible = 0;
			defaultConfigurationName = Release;
		};
		4AB11CF31C9F8374005A5AF0 /* Build configuration list for PBXNativeTarget "TestPhotoResource" */ = {
			isa = XCConfigurationList;
			buildConfigurations = (
				4AB11CF41C9F8374005A5AF0 /* Debug */,
				4AB11CF51C9F8374005A5AF0 /* Release */,
			);
			defaultConfigurationIsVisible = 0;
			defaultConfigurationName = Release;
		};
		4AB11CF61C9F8374005A5AF0 /* Build configuration list for PBXNativeTarget "TestPhotoResourceTests" */ = {
			isa = XCConfigurationList;
			buildConfigurations = (
				4AB11CF71C9F8374005A5AF0 /* Debug */,
				4AB11CF81C9F8374005A5AF0 /* Release */,
			);
			defaultConfigurationIsVisible = 0;
			defaultConfigurationName = Release;
		};
		4AB11CF91C9F8374005A5AF0 /* Build configuration list for PBXNativeTarget "TestPhotoResourceUITests" */ = {
			isa = XCConfigurationList;
			buildConfigurations = (
				4AB11CFA1C9F8374005A5AF0 /* Debug */,
				4AB11CFB1C9F8374005A5AF0 /* Release */,
			);
			defaultConfigurationIsVisible = 0;
			defaultConfigurationName = Release;
		};
/* End XCConfigurationList section */

/* Begin XCVersionGroup section */
		4AB11CD21C9F8373005A5AF0 /* TestPhotoResource.xcdatamodeld */ = {
			isa = XCVersionGroup;
			children = (
				4AB11CD31C9F8373005A5AF0 /* TestPhotoResource.xcdatamodel */,
			);
			currentVersion = 4AB11CD31C9F8373005A5AF0 /* TestPhotoResource.xcdatamodel */;
			path = TestPhotoResource.xcdatamodeld;
			sourceTree = "<group>";
			versionGroupType = wrapper.xcdatamodel;
		};
/* End XCVersionGroup section */
	};
	rootObject = 4AB11CBB1C9F8373005A5AF0 /* Project object */;
}
